
Microsoft Visual Studio Solution File, Format Version 12.00
# Visual Studio Version 16
VisualStudioVersion = 16.0.29728.190
MinimumVisualStudioVersion = 10.0.40219.1
Project("{FAE04EC0-301F-11D3-BF4B-00C04F79EFBC}") = "LoyaltyProgram", "LoyaltyProgram\LoyaltyProgram.csproj", "{5579DE34-4A87-4029-9471-DC472FBDBD36}"
EndProject
Global
	GlobalSection(SolutionConfigurationPlatforms) = preSolution
		Debug|Any CPU = Debug|Any CPU
		Release|Any CPU = Release|Any CPU
	EndGlobalSection
	GlobalSection(ProjectConfigurationPlatforms) = postSolution
		{5579DE34-4A87-4029-9471-DC472FBDBD36}.Debug|Any CPU.ActiveCfg = Debug|Any CPU
		{5579DE34-4A87-4029-9471-DC472FBDBD36}.Debug|Any CPU.Build.0 = Debug|Any CPU
		{5579DE34-4A87-4029-9471-DC472FBDBD36}.Release|Any CPU.ActiveCfg = Release|Any CPU
		{5579DE34-4A87-4029-9471-DC472FBDBD36}.Release|Any CPU.Build.0 = Release|Any CPU
	EndGlobalSection
	GlobalSection(SolutionProperties) = preSolution
		HideSolutionNode = FALSE
	EndGlobalSection
	GlobalSection(ExtensibilityGlobals) = postSolution
		SolutionGuid = {BFC583C7-D4FB-4B98-A590-D59EA3AEC963}
	EndGlobalSection
EndGlobal
